
Microsoft Visual Studio Solution File, Format Version 12.00
# Visual Studio 14
VisualStudioVersion = 14.0.25420.1
MinimumVisualStudioVersion = 10.0.40219.1
Project("{2150E333-8FDC-42A3-9474-1A3956D46DE8}") = "Engine", "Engine", "{9A158262-2271-4302-8F97-E3DF4B357BF7}"
EndProject
Project("{2150E333-8FDC-42A3-9474-1A3956D46DE8}") = "Games", "Games", "{C2A76FF6-C687-4461-8D0B-3CFA7CC8EF78}"
EndProject
Project("{8BC9CEB8-8B4A-11D0-8D11-00A0C91BC942}") = "UE4", "Intermediate\ProjectFiles\UE4.vcxproj", "{856F2B61-D69C-4978-A1A0-22F8D9DBB5BE}"
EndProject
Project("{8BC9CEB8-8B4A-11D0-8D11-00A0C91BC942}") = "Roller", "Intermediate\ProjectFiles\Roller.vcxproj", "{0551E7B3-A8FD-4279-9047-C3E92E559664}"
EndProject
Global
	GlobalSection(SolutionConfigurationPlatforms) = preSolution
		DebugGame Editor|HTML5 = DebugGame Editor|HTML5
		DebugGame Editor|Win32 = DebugGame Editor|Win32
		DebugGame Editor|Win64 = DebugGame Editor|Win64
		DebugGame|HTML5 = DebugGame|HTML5
		DebugGame|Win32 = DebugGame|Win32
		DebugGame|Win64 = DebugGame|Win64
		Development Editor|HTML5 = Development Editor|HTML5
		Development Editor|Win32 = Development Editor|Win32
		Development Editor|Win64 = Development Editor|Win64
		Development|HTML5 = Development|HTML5
		Development|Win32 = Development|Win32
		Development|Win64 = Development|Win64
		Shipping|HTML5 = Shipping|HTML5
		Shipping|Win32 = Shipping|Win32
		Shipping|Win64 = Shipping|Win64
	EndGlobalSection
	GlobalSection(ProjectConfigurationPlatforms) = postSolution
		{856F2B61-D69C-4978-A1A0-22F8D9DBB5BE}.DebugGame Editor|HTML5.ActiveCfg = BuiltWithUnrealBuildTool|Win32
		{856F2B61-D69C-4978-A1A0-22F8D9DBB5BE}.DebugGame Editor|HTML5.Build.0 = BuiltWithUnrealBuildTool|Win32
		{856F2B61-D69C-4978-A1A0-22F8D9DBB5BE}.DebugGame Editor|Win32.ActiveCfg = BuiltWithUnrealBuildTool|Win32
		{856F2B61-D69C-4978-A1A0-22F8D9DBB5BE}.DebugGame Editor|Win32.Build.0 = BuiltWithUnrealBuildTool|Win32
		{856F2B61-D69C-4978-A1A0-22F8D9DBB5BE}.DebugGame Editor|Win64.ActiveCfg = BuiltWithUnrealBuildTool|Win32
		{856F2B61-D69C-4978-A1A0-22F8D9DBB5BE}.DebugGame Editor|Win64.Build.0 = BuiltWithUnrealBuildTool|Win32
		{856F2B61-D69C-4978-A1A0-22F8D9DBB5BE}.DebugGame|HTML5.ActiveCfg = BuiltWithUnrealBuildTool|Win32
		{856F2B61-D69C-4978-A1A0-22F8D9DBB5BE}.DebugGame|HTML5.Build.0 = BuiltWithUnrealBuildTool|Win32
		{856F2B61-D69C-4978-A1A0-22F8D9DBB5BE}.DebugGame|Win32.ActiveCfg = BuiltWithUnrealBuildTool|Win32
		{856F2B61-D69C-4978-A1A0-22F8D9DBB5BE}.DebugGame|Win32.Build.0 = BuiltWithUnrealBuildTool|Win32
		{856F2B61-D69C-4978-A1A0-22F8D9DBB5BE}.DebugGame|Win64.ActiveCfg = BuiltWithUnrealBuildTool|Win32
		{856F2B61-D69C-4978-A1A0-22F8D9DBB5BE}.DebugGame|Win64.Build.0 = BuiltWithUnrealBuildTool|Win32
		{856F2B61-D69C-4978-A1A0-22F8D9DBB5BE}.Development Editor|HTML5.ActiveCfg = BuiltWithUnrealBuildTool|Win32
		{856F2B61-D69C-4978-A1A0-22F8D9DBB5BE}.Development Editor|HTML5.Build.0 = BuiltWithUnrealBuildTool|Win32
		{856F2B61-D69C-4978-A1A0-22F8D9DBB5BE}.Development Editor|Win32.ActiveCfg = BuiltWithUnrealBuildTool|Win32
		{856F2B61-D69C-4978-A1A0-22F8D9DBB5BE}.Development Editor|Win32.Build.0 = BuiltWithUnrealBuildTool|Win32
		{856F2B61-D69C-4978-A1A0-22F8D9DBB5BE}.Development Editor|Win64.ActiveCfg = BuiltWithUnrealBuildTool|Win32
		{856F2B61-D69C-4978-A1A0-22F8D9DBB5BE}.Development Editor|Win64.Build.0 = BuiltWithUnrealBuildTool|Win32
		{856F2B61-D69C-4978-A1A0-22F8D9DBB5BE}.Development|HTML5.ActiveCfg = BuiltWithUnrealBuildTool|Win32
		{856F2B61-D69C-4978-A1A0-22F8D9DBB5BE}.Development|HTML5.Build.0 = BuiltWithUnrealBuildTool|Win32
		{856F2B61-D69C-4978-A1A0-22F8D9DBB5BE}.Development|Win32.ActiveCfg = BuiltWithUnrealBuildTool|Win32
		{856F2B61-D69C-4978-A1A0-22F8D9DBB5BE}.Development|Win32.Build.0 = BuiltWithUnrealBuildTool|Win32
		{856F2B61-D69C-4978-A1A0-22F8D9DBB5BE}.Development|Win64.ActiveCfg = BuiltWithUnrealBuildTool|Win32
		{856F2B61-D69C-4978-A1A0-22F8D9DBB5BE}.Development|Win64.Build.0 = BuiltWithUnrealBuildTool|Win32
		{856F2B61-D69C-4978-A1A0-22F8D9DBB5BE}.Shipping|HTML5.ActiveCfg = BuiltWithUnrealBuildTool|Win32
		{856F2B61-D69C-4978-A1A0-22F8D9DBB5BE}.Shipping|HTML5.Build.0 = BuiltWithUnrealBuildTool|Win32
		{856F2B61-D69C-4978-A1A0-22F8D9DBB5BE}.Shipping|Win32.ActiveCfg = BuiltWithUnrealBuildTool|Win32
		{856F2B61-D69C-4978-A1A0-22F8D9DBB5BE}.Shipping|Win32.Build.0 = BuiltWithUnrealBuildTool|Win32
		{856F2B61-D69C-4978-A1A0-22F8D9DBB5BE}.Shipping|Win64.ActiveCfg = BuiltWithUnrealBuildTool|Win32
		{856F2B61-D69C-4978-A1A0-22F8D9DBB5BE}.Shipping|Win64.Build.0 = BuiltWithUnrealBuildTool|Win32
		{0551E7B3-A8FD-4279-9047-C3E92E559664}.DebugGame Editor|HTML5.ActiveCfg = HTML5_DebugGame_Editor|Win32
		{0551E7B3-A8FD-4279-9047-C3E92E559664}.DebugGame Editor|Win32.ActiveCfg = DebugGame_Editor|Win32
		{0551E7B3-A8FD-4279-9047-C3E92E559664}.DebugGame Editor|Win64.ActiveCfg = DebugGame_Editor|x64
		{0551E7B3-A8FD-4279-9047-C3E92E559664}.DebugGame Editor|Win64.Build.0 = DebugGame_Editor|x64
		{0551E7B3-A8FD-4279-9047-C3E92E559664}.DebugGame|HTML5.ActiveCfg = HTML5_DebugGame_Game|Win32
		{0551E7B3-A8FD-4279-9047-C3E92E559664}.DebugGame|HTML5.Build.0 = HTML5_DebugGame_Game|Win32
		{0551E7B3-A8FD-4279-9047-C3E92E559664}.DebugGame|Win32.ActiveCfg = DebugGame_Game|Win32
		{0551E7B3-A8FD-4279-9047-C3E92E559664}.DebugGame|Win32.Build.0 = DebugGame_Game|Win32
		{0551E7B3-A8FD-4279-9047-C3E92E559664}.DebugGame|Win64.ActiveCfg = DebugGame_Game|x64
		{0551E7B3-A8FD-4279-9047-C3E92E559664}.DebugGame|Win64.Build.0 = DebugGame_Game|x64
		{0551E7B3-A8FD-4279-9047-C3E92E559664}.Development Editor|HTML5.ActiveCfg = HTML5_Development_Editor|Win32
		{0551E7B3-A8FD-4279-9047-C3E92E559664}.Development Editor|Win32.ActiveCfg = Development_Editor|Win32
		{0551E7B3-A8FD-4279-9047-C3E92E559664}.Development Editor|Win64.ActiveCfg = Development_Editor|x64
		{0551E7B3-A8FD-4279-9047-C3E92E559664}.Development Editor|Win64.Build.0 = Development_Editor|x64
		{0551E7B3-A8FD-4279-9047-C3E92E559664}.Development|HTML5.ActiveCfg = HTML5_Development_Game|Win32
		{0551E7B3-A8FD-4279-9047-C3E92E559664}.Development|HTML5.Build.0 = HTML5_Development_Game|Win32
		{0551E7B3-A8FD-4279-9047-C3E92E559664}.Development|Win32.ActiveCfg = Development_Game|Win32
		{0551E7B3-A8FD-4279-9047-C3E92E559664}.Development|Win32.Build.0 = Development_Game|Win32
		{0551E7B3-A8FD-4279-9047-C3E92E559664}.Development|Win64.ActiveCfg = Development_Game|x64
		{0551E7B3-A8FD-4279-9047-C3E92E559664}.Development|Win64.Build.0 = Development_Game|x64
		{0551E7B3-A8FD-4279-9047-C3E92E559664}.Shipping|HTML5.ActiveCfg = HTML5_Shipping_Game|Win32
		{0551E7B3-A8FD-4279-9047-C3E92E559664}.Shipping|HTML5.Build.0 = HTML5_Shipping_Game|Win32
		{0551E7B3-A8FD-4279-9047-C3E92E559664}.Shipping|Win32.ActiveCfg = Shipping_Game|Win32
		{0551E7B3-A8FD-4279-9047-C3E92E559664}.Shipping|Win32.Build.0 = Shipping_Game|Win32
		{0551E7B3-A8FD-4279-9047-C3E92E559664}.Shipping|Win64.ActiveCfg = Shipping_Game|x64
		{0551E7B3-A8FD-4279-9047-C3E92E559664}.Shipping|Win64.Build.0 = Shipping_Game|x64
	EndGlobalSection
	GlobalSection(SolutionProperties) = preSolution
		HideSolutionNode = FALSE
	EndGlobalSection
	GlobalSection(NestedProjects) = preSolution
		{856F2B61-D69C-4978-A1A0-22F8D9DBB5BE} = {9A158262-2271-4302-8F97-E3DF4B357BF7}
		{0551E7B3-A8FD-4279-9047-C3E92E559664} = {C2A76FF6-C687-4461-8D0B-3CFA7CC8EF78}
	EndGlobalSection
EndGlobal
